// !$*UTF8*$!
{
	archiveVersion = 1;
	classes = {
	};
	objectVersion = 46;
	objects = {

/* Begin PBXBuildFile section */
		31CBD8CD1A662B5800BF195C /* AppDelegate.swift in Sources */ = {isa = PBXBuildFile; fileRef = 31CBD8CC1A662B5800BF195C /* AppDelegate.swift */; };
		31CBD8D01A662B5800BF195C /* MapPlant.xcdatamodeld in Sources */ = {isa = PBXBuildFile; fileRef = 31CBD8CE1A662B5800BF195C /* MapPlant.xcdatamodeld */; };
		31CBD8D21A662B5800BF195C /* HomeViewController.swift in Sources */ = {isa = PBXBuildFile; fileRef = 31CBD8D11A662B5800BF195C /* HomeViewController.swift */; };
		31CBD8D51A662B5800BF195C /* Main.storyboard in Resources */ = {isa = PBXBuildFile; fileRef = 31CBD8D31A662B5800BF195C /* Main.storyboard */; };
		31CBD8D71A662B5800BF195C /* Images.xcassets in Resources */ = {isa = PBXBuildFile; fileRef = 31CBD8D61A662B5800BF195C /* Images.xcassets */; };
		31CBD8DA1A662B5800BF195C /* LaunchScreen.xib in Resources */ = {isa = PBXBuildFile; fileRef = 31CBD8D81A662B5800BF195C /* LaunchScreen.xib */; };
		31CBD8E61A662B5800BF195C /* MapPlantTests.swift in Sources */ = {isa = PBXBuildFile; fileRef = 31CBD8E51A662B5800BF195C /* MapPlantTests.swift */; };
		7504C5751A7F0F160040AC61 /* BusfinderMapViewController.swift in Sources */ = {isa = PBXBuildFile; fileRef = 7504C5741A7F0F160040AC61 /* BusfinderMapViewController.swift */; };
		750E27671A6F10F4003B2823 /* Session.swift in Sources */ = {isa = PBXBuildFile; fileRef = 750E27661A6F10F4003B2823 /* Session.swift */; };
		7519611A1AA24A2E000519A0 /* RouteViewController.swift in Sources */ = {isa = PBXBuildFile; fileRef = 751961191AA24A2E000519A0 /* RouteViewController.swift */; };
		757057EA1A688BD600C05B21 /* Location.swift in Sources */ = {isa = PBXBuildFile; fileRef = 757057E91A688BD600C05B21 /* Location.swift */; };
		757057EC1A688BD600C05B21 /* Group.swift in Sources */ = {isa = PBXBuildFile; fileRef = 757057EB1A688BD600C05B21 /* Group.swift */; };
		757057EE1A688BD600C05B21 /* LocationSet.swift in Sources */ = {isa = PBXBuildFile; fileRef = 757057ED1A688BD600C05B21 /* LocationSet.swift */; };
		757057F01A688BD700C05B21 /* Route.swift in Sources */ = {isa = PBXBuildFile; fileRef = 757057EF1A688BD700C05B21 /* Route.swift */; };
		757057F21A688BD700C05B21 /* Tags.swift in Sources */ = {isa = PBXBuildFile; fileRef = 757057F11A688BD700C05B21 /* Tags.swift */; };
		757057F41A688BD700C05B21 /* LogBook.swift in Sources */ = {isa = PBXBuildFile; fileRef = 757057F31A688BD700C05B21 /* LogBook.swift */; };
		75ACFB2D1A6C311900162FDB /* RouteTableViewController.swift in Sources */ = {isa = PBXBuildFile; fileRef = 75ACFB2C1A6C311900162FDB /* RouteTableViewController.swift */; };
		75BE584A1A7D3CD000C8CD5E /* BusfinderLoginViewController.swift in Sources */ = {isa = PBXBuildFile; fileRef = 75BE58491A7D3CD000C8CD5E /* BusfinderLoginViewController.swift */; };
		75BE58561A7D445400C8CD5E /* ClearWhite.png in Resources */ = {isa = PBXBuildFile; fileRef = 75BE58541A7D445400C8CD5E /* ClearWhite.png */; };
		75BE58571A7D445400C8CD5E /* ClearWhitePressed.png in Resources */ = {isa = PBXBuildFile; fileRef = 75BE58551A7D445400C8CD5E /* ClearWhitePressed.png */; };
		75BE58591A7D481100C8CD5E /* TransitionManager.swift in Sources */ = {isa = PBXBuildFile; fileRef = 75BE58581A7D481100C8CD5E /* TransitionManager.swift */; };
		75BE585B1A7D48B700C8CD5E /* BusfinderMainViewController.swift in Sources */ = {isa = PBXBuildFile; fileRef = 75BE585A1A7D48B700C8CD5E /* BusfinderMainViewController.swift */; };
		75BE585E1A7D4E5D00C8CD5E /* headshot2.jpg in Resources */ = {isa = PBXBuildFile; fileRef = 75BE585C1A7D4E5D00C8CD5E /* headshot2.jpg */; };
		75BE585F1A7D4E5D00C8CD5E /* headshot1.jpg in Resources */ = {isa = PBXBuildFile; fileRef = 75BE585D1A7D4E5D00C8CD5E /* headshot1.jpg */; };
		75C1CB0B1A688DB200110FCA /* Constants.swift in Sources */ = {isa = PBXBuildFile; fileRef = 75C1CB0A1A688DB200110FCA /* Constants.swift */; };
		75C1CB0E1A688EC300110FCA /* Helpers.swift in Sources */ = {isa = PBXBuildFile; fileRef = 75C1CB0D1A688EC300110FCA /* Helpers.swift */; };
		75C1CB101A68A48E00110FCA /* RecordViewController.swift in Sources */ = {isa = PBXBuildFile; fileRef = 75C1CB0F1A68A48E00110FCA /* RecordViewController.swift */; };
		75C1CB121A68A61100110FCA /* MapKit.framework in Frameworks */ = {isa = PBXBuildFile; fileRef = 75C1CB111A68A61100110FCA /* MapKit.framework */; };
		75C1CB141A68A71B00110FCA /* CoreLocation.framework in Frameworks */ = {isa = PBXBuildFile; fileRef = 75C1CB131A68A71B00110FCA /* CoreLocation.framework */; };
		75FA4C801A81CB930070CEC0 /* DropStatView.xib in Resources */ = {isa = PBXBuildFile; fileRef = 75FA4C7F1A81CB930070CEC0 /* DropStatView.xib */; };
/* End PBXBuildFile section */

/* Begin PBXContainerItemProxy section */
		31CBD8E01A662B5800BF195C /* PBXContainerItemProxy */ = {
			isa = PBXContainerItemProxy;
			containerPortal = 31CBD8BF1A662B5800BF195C /* Project object */;
			proxyType = 1;
			remoteGlobalIDString = 31CBD8C61A662B5800BF195C;
			remoteInfo = MapPlant;
		};
/* End PBXContainerItemProxy section */

/* Begin PBXFileReference section */
		31CBD8C71A662B5800BF195C /* MapPlant.app */ = {isa = PBXFileReference; explicitFileType = wrapper.application; includeInIndex = 0; path = MapPlant.app; sourceTree = BUILT_PRODUCTS_DIR; };
		31CBD8CB1A662B5800BF195C /* Info.plist */ = {isa = PBXFileReference; lastKnownFileType = text.plist.xml; path = Info.plist; sourceTree = "<group>"; };
		31CBD8CC1A662B5800BF195C /* AppDelegate.swift */ = {isa = PBXFileReference; lastKnownFileType = sourcecode.swift; path = AppDelegate.swift; sourceTree = "<group>"; };
		31CBD8CF1A662B5800BF195C /* MapPlant.xcdatamodel */ = {isa = PBXFileReference; lastKnownFileType = wrapper.xcdatamodel; path = MapPlant.xcdatamodel; sourceTree = "<group>"; };
		31CBD8D11A662B5800BF195C /* HomeViewController.swift */ = {isa = PBXFileReference; lastKnownFileType = sourcecode.swift; path = HomeViewController.swift; sourceTree = "<group>"; };
		31CBD8D41A662B5800BF195C /* Base */ = {isa = PBXFileReference; lastKnownFileType = file.storyboard; name = Base; path = Base.lproj/Main.storyboard; sourceTree = "<group>"; };
		31CBD8D61A662B5800BF195C /* Images.xcassets */ = {isa = PBXFileReference; lastKnownFileType = folder.assetcatalog; path = Images.xcassets; sourceTree = "<group>"; };
		31CBD8D91A662B5800BF195C /* Base */ = {isa = PBXFileReference; lastKnownFileType = file.xib; name = Base; path = Base.lproj/LaunchScreen.xib; sourceTree = "<group>"; };
		31CBD8DF1A662B5800BF195C /* MapPlantTests.xctest */ = {isa = PBXFileReference; explicitFileType = wrapper.cfbundle; includeInIndex = 0; path = MapPlantTests.xctest; sourceTree = BUILT_PRODUCTS_DIR; };
		31CBD8E41A662B5800BF195C /* Info.plist */ = {isa = PBXFileReference; lastKnownFileType = text.plist.xml; path = Info.plist; sourceTree = "<group>"; };
		31CBD8E51A662B5800BF195C /* MapPlantTests.swift */ = {isa = PBXFileReference; lastKnownFileType = sourcecode.swift; path = MapPlantTests.swift; sourceTree = "<group>"; };
		7504C5741A7F0F160040AC61 /* BusfinderMapViewController.swift */ = {isa = PBXFileReference; fileEncoding = 4; lastKnownFileType = sourcecode.swift; path = BusfinderMapViewController.swift; sourceTree = "<group>"; };
		750E27661A6F10F4003B2823 /* Session.swift */ = {isa = PBXFileReference; fileEncoding = 4; lastKnownFileType = sourcecode.swift; path = Session.swift; sourceTree = "<group>"; };
		751961191AA24A2E000519A0 /* RouteViewController.swift */ = {isa = PBXFileReference; fileEncoding = 4; lastKnownFileType = sourcecode.swift; path = RouteViewController.swift; sourceTree = "<group>"; };
		757057E91A688BD600C05B21 /* Location.swift */ = {isa = PBXFileReference; fileEncoding = 4; lastKnownFileType = sourcecode.swift; path = Location.swift; sourceTree = "<group>"; };
		757057EB1A688BD600C05B21 /* Group.swift */ = {isa = PBXFileReference; fileEncoding = 4; lastKnownFileType = sourcecode.swift; path = Group.swift; sourceTree = "<group>"; };
		757057ED1A688BD600C05B21 /* LocationSet.swift */ = {isa = PBXFileReference; fileEncoding = 4; lastKnownFileType = sourcecode.swift; path = LocationSet.swift; sourceTree = "<group>"; };
		757057EF1A688BD700C05B21 /* Route.swift */ = {isa = PBXFileReference; fileEncoding = 4; lastKnownFileType = sourcecode.swift; path = Route.swift; sourceTree = "<group>"; };
		757057F11A688BD700C05B21 /* Tags.swift */ = {isa = PBXFileReference; fileEncoding = 4; lastKnownFileType = sourcecode.swift; path = Tags.swift; sourceTree = "<group>"; };
		757057F31A688BD700C05B21 /* LogBook.swift */ = {isa = PBXFileReference; fileEncoding = 4; lastKnownFileType = sourcecode.swift; path = LogBook.swift; sourceTree = "<group>"; };
		75ACFB2C1A6C311900162FDB /* RouteTableViewController.swift */ = {isa = PBXFileReference; fileEncoding = 4; lastKnownFileType = sourcecode.swift; path = RouteTableViewController.swift; sourceTree = "<group>"; };
		75ACFB2E1A6C32F000162FDB /* MapPlantPlayground.playground */ = {isa = PBXFileReference; lastKnownFileType = file.playground; path = MapPlantPlayground.playground; sourceTree = "<group>"; };
		75BE58491A7D3CD000C8CD5E /* BusfinderLoginViewController.swift */ = {isa = PBXFileReference; fileEncoding = 4; lastKnownFileType = sourcecode.swift; path = BusfinderLoginViewController.swift; sourceTree = "<group>"; };
		75BE58541A7D445400C8CD5E /* ClearWhite.png */ = {isa = PBXFileReference; lastKnownFileType = image.png; path = ClearWhite.png; sourceTree = "<group>"; };
		75BE58551A7D445400C8CD5E /* ClearWhitePressed.png */ = {isa = PBXFileReference; lastKnownFileType = image.png; path = ClearWhitePressed.png; sourceTree = "<group>"; };
		75BE58581A7D481100C8CD5E /* TransitionManager.swift */ = {isa = PBXFileReference; fileEncoding = 4; lastKnownFileType = sourcecode.swift; path = TransitionManager.swift; sourceTree = "<group>"; };
		75BE585A1A7D48B700C8CD5E /* BusfinderMainViewController.swift */ = {isa = PBXFileReference; fileEncoding = 4; lastKnownFileType = sourcecode.swift; path = BusfinderMainViewController.swift; sourceTree = "<group>"; };
		75BE585C1A7D4E5D00C8CD5E /* headshot2.jpg */ = {isa = PBXFileReference; lastKnownFileType = image.jpeg; path = headshot2.jpg; sourceTree = "<group>"; };
		75BE585D1A7D4E5D00C8CD5E /* headshot1.jpg */ = {isa = PBXFileReference; lastKnownFileType = image.jpeg; path = headshot1.jpg; sourceTree = "<group>"; };
		75C1CB0A1A688DB200110FCA /* Constants.swift */ = {isa = PBXFileReference; fileEncoding = 4; lastKnownFileType = sourcecode.swift; path = Constants.swift; sourceTree = "<group>"; };
		75C1CB0D1A688EC300110FCA /* Helpers.swift */ = {isa = PBXFileReference; fileEncoding = 4; lastKnownFileType = sourcecode.swift; path = Helpers.swift; sourceTree = "<group>"; };
		75C1CB0F1A68A48E00110FCA /* RecordViewController.swift */ = {isa = PBXFileReference; fileEncoding = 4; lastKnownFileType = sourcecode.swift; path = RecordViewController.swift; sourceTree = "<group>"; };
		75C1CB111A68A61100110FCA /* MapKit.framework */ = {isa = PBXFileReference; lastKnownFileType = wrapper.framework; name = MapKit.framework; path = System/Library/Frameworks/MapKit.framework; sourceTree = SDKROOT; };
		75C1CB131A68A71B00110FCA /* CoreLocation.framework */ = {isa = PBXFileReference; lastKnownFileType = wrapper.framework; name = CoreLocation.framework; path = System/Library/Frameworks/CoreLocation.framework; sourceTree = SDKROOT; };
		75FA4C7F1A81CB930070CEC0 /* DropStatView.xib */ = {isa = PBXFileReference; fileEncoding = 4; lastKnownFileType = file.xib; path = DropStatView.xib; sourceTree = "<group>"; };
/* End PBXFileReference section */

/* Begin PBXFrameworksBuildPhase section */
		31CBD8C41A662B5800BF195C /* Frameworks */ = {
			isa = PBXFrameworksBuildPhase;
			buildActionMask = 2147483647;
			files = (
				75C1CB141A68A71B00110FCA /* CoreLocation.framework in Frameworks */,
				75C1CB121A68A61100110FCA /* MapKit.framework in Frameworks */,
			);
			runOnlyForDeploymentPostprocessing = 0;
		};
		31CBD8DC1A662B5800BF195C /* Frameworks */ = {
			isa = PBXFrameworksBuildPhase;
			buildActionMask = 2147483647;
			files = (
			);
			runOnlyForDeploymentPostprocessing = 0;
		};
/* End PBXFrameworksBuildPhase section */

/* Begin PBXGroup section */
		31CBD8BE1A662B5800BF195C = {
			isa = PBXGroup;
			children = (
				75C1CB151A68A72200110FCA /* Frameworks */,
				75B2484B1A68817B005ECBA1 /* 3rd Party Frameworks */,
				31CBD8C91A662B5800BF195C /* MapPlant */,
				31CBD8E21A662B5800BF195C /* MapPlantTests */,
				31CBD8C81A662B5800BF195C /* Products */,
			);
			sourceTree = "<group>";
		};
		31CBD8C81A662B5800BF195C /* Products */ = {
			isa = PBXGroup;
			children = (
				31CBD8C71A662B5800BF195C /* MapPlant.app */,
				31CBD8DF1A662B5800BF195C /* MapPlantTests.xctest */,
			);
			name = Products;
			sourceTree = "<group>";
		};
		31CBD8C91A662B5800BF195C /* MapPlant */ = {
			isa = PBXGroup;
			children = (
				75C1CB0C1A688DBB00110FCA /* CoreData */,
				31CBD8D11A662B5800BF195C /* HomeViewController.swift */,
				751961191AA24A2E000519A0 /* RouteViewController.swift */,
				75ACFB2C1A6C311900162FDB /* RouteTableViewController.swift */,
				75C1CB0F1A68A48E00110FCA /* RecordViewController.swift */,
				7504C5761A7F0F200040AC61 /* Busfinder Prototype */,
				7504C5771A7F0F2F0040AC61 /* UI Elements */,
				75BE584F1A7D416600C8CD5E /* Images */,
				31CBD8CA1A662B5800BF195C /* Supporting Files */,
			);
			path = MapPlant;
			sourceTree = "<group>";
		};
		31CBD8CA1A662B5800BF195C /* Supporting Files */ = {
			isa = PBXGroup;
			children = (
				31CBD8CC1A662B5800BF195C /* AppDelegate.swift */,
				75ACFB2E1A6C32F000162FDB /* MapPlantPlayground.playground */,
				75C1CB0A1A688DB200110FCA /* Constants.swift */,
				75BE58581A7D481100C8CD5E /* TransitionManager.swift */,
				31CBD8D61A662B5800BF195C /* Images.xcassets */,
				31CBD8CB1A662B5800BF195C /* Info.plist */,
				75C1CB0D1A688EC300110FCA /* Helpers.swift */,
			);
			name = "Supporting Files";
			sourceTree = "<group>";
		};
		31CBD8E21A662B5800BF195C /* MapPlantTests */ = {
			isa = PBXGroup;
			children = (
				31CBD8E51A662B5800BF195C /* MapPlantTests.swift */,
				31CBD8E31A662B5800BF195C /* Supporting Files */,
			);
			path = MapPlantTests;
			sourceTree = "<group>";
		};
		31CBD8E31A662B5800BF195C /* Supporting Files */ = {
			isa = PBXGroup;
			children = (
				31CBD8E41A662B5800BF195C /* Info.plist */,
			);
			name = "Supporting Files";
			sourceTree = "<group>";
		};
		7504C5761A7F0F200040AC61 /* Busfinder Prototype */ = {
			isa = PBXGroup;
			children = (
				75BE58491A7D3CD000C8CD5E /* BusfinderLoginViewController.swift */,
				75BE585A1A7D48B700C8CD5E /* BusfinderMainViewController.swift */,
				7504C5741A7F0F160040AC61 /* BusfinderMapViewController.swift */,
			);
			name = "Busfinder Prototype";
			sourceTree = "<group>";
		};
		7504C5771A7F0F2F0040AC61 /* UI Elements */ = {
			isa = PBXGroup;
			children = (
				31CBD8D31A662B5800BF195C /* Main.storyboard */,
				75FA4C7F1A81CB930070CEC0 /* DropStatView.xib */,
				31CBD8D81A662B5800BF195C /* LaunchScreen.xib */,
			);
			name = "UI Elements";
			sourceTree = "<group>";
		};
		75B2484B1A68817B005ECBA1 /* 3rd Party Frameworks */ = {
			isa = PBXGroup;
			children = (
			);
			name = "3rd Party Frameworks";
			sourceTree = "<group>";
		};
		75BE584F1A7D416600C8CD5E /* Images */ = {
			isa = PBXGroup;
			children = (
				75BE58541A7D445400C8CD5E /* ClearWhite.png */,
				75BE58551A7D445400C8CD5E /* ClearWhitePressed.png */,
				75BE585C1A7D4E5D00C8CD5E /* headshot2.jpg */,
				75BE585D1A7D4E5D00C8CD5E /* headshot1.jpg */,
			);
			name = Images;
			sourceTree = "<group>";
		};
		75C1CB0C1A688DBB00110FCA /* CoreData */ = {
			isa = PBXGroup;
			children = (
				31CBD8CE1A662B5800BF195C /* MapPlant.xcdatamodeld */,
				750E27661A6F10F4003B2823 /* Session.swift */,
				757057F31A688BD700C05B21 /* LogBook.swift */,
				757057F11A688BD700C05B21 /* Tags.swift */,
				757057EF1A688BD700C05B21 /* Route.swift */,
				757057ED1A688BD600C05B21 /* LocationSet.swift */,
				757057EB1A688BD600C05B21 /* Group.swift */,
				757057E91A688BD600C05B21 /* Location.swift */,
			);
			name = CoreData;
			sourceTree = "<group>";
		};
		75C1CB151A68A72200110FCA /* Frameworks */ = {
			isa = PBXGroup;
			children = (
				75C1CB131A68A71B00110FCA /* CoreLocation.framework */,
				75C1CB111A68A61100110FCA /* MapKit.framework */,
			);
			name = Frameworks;
			sourceTree = "<group>";
		};
/* End PBXGroup section */

/* Begin PBXNativeTarget section */
		31CBD8C61A662B5800BF195C /* MapPlant */ = {
			isa = PBXNativeTarget;
			buildConfigurationList = 31CBD8E91A662B5800BF195C /* Build configuration list for PBXNativeTarget "MapPlant" */;
			buildPhases = (
				31CBD8C31A662B5800BF195C /* Sources */,
				31CBD8C41A662B5800BF195C /* Frameworks */,
				31CBD8C51A662B5800BF195C /* Resources */,
			);
			buildRules = (
			);
			dependencies = (
			);
			name = MapPlant;
			productName = MapPlant;
			productReference = 31CBD8C71A662B5800BF195C /* MapPlant.app */;
			productType = "com.apple.product-type.application";
		};
		31CBD8DE1A662B5800BF195C /* MapPlantTests */ = {
			isa = PBXNativeTarget;
			buildConfigurationList = 31CBD8EC1A662B5800BF195C /* Build configuration list for PBXNativeTarget "MapPlantTests" */;
			buildPhases = (
				31CBD8DB1A662B5800BF195C /* Sources */,
				31CBD8DC1A662B5800BF195C /* Frameworks */,
				31CBD8DD1A662B5800BF195C /* Resources */,
			);
			buildRules = (
			);
			dependencies = (
				31CBD8E11A662B5800BF195C /* PBXTargetDependency */,
			);
			name = MapPlantTests;
			productName = MapPlantTests;
			productReference = 31CBD8DF1A662B5800BF195C /* MapPlantTests.xctest */;
			productType = "com.apple.product-type.bundle.unit-test";
		};
/* End PBXNativeTarget section */

/* Begin PBXProject section */
		31CBD8BF1A662B5800BF195C /* Project object */ = {
			isa = PBXProject;
			attributes = {
				LastSwiftUpdateCheck = 0700;
				LastUpgradeCheck = 0610;
				ORGANIZATIONNAME = "Kevin Sullivan";
				TargetAttributes = {
					31CBD8C61A662B5800BF195C = {
						CreatedOnToolsVersion = 6.1.1;
						DevelopmentTeam = S7BT87895F;
					};
					31CBD8DE1A662B5800BF195C = {
						CreatedOnToolsVersion = 6.1.1;
						TestTargetID = 31CBD8C61A662B5800BF195C;
					};
				};
			};
			buildConfigurationList = 31CBD8C21A662B5800BF195C /* Build configuration list for PBXProject "MapPlant" */;
			compatibilityVersion = "Xcode 3.2";
			developmentRegion = English;
			hasScannedForEncodings = 0;
			knownRegions = (
				en,
				Base,
			);
			mainGroup = 31CBD8BE1A662B5800BF195C;
			productRefGroup = 31CBD8C81A662B5800BF195C /* Products */;
			projectDirPath = "";
			projectRoot = "";
			targets = (
				31CBD8C61A662B5800BF195C /* MapPlant */,
				31CBD8DE1A662B5800BF195C /* MapPlantTests */,
			);
		};
/* End PBXProject section */

/* Begin PBXResourcesBuildPhase section */
		31CBD8C51A662B5800BF195C /* Resources */ = {
			isa = PBXResourcesBuildPhase;
			buildActionMask = 2147483647;
			files = (
				75BE58561A7D445400C8CD5E /* ClearWhite.png in Resources */,
				31CBD8D51A662B5800BF195C /* Main.storyboard in Resources */,
				31CBD8DA1A662B5800BF195C /* LaunchScreen.xib in Resources */,
				75FA4C801A81CB930070CEC0 /* DropStatView.xib in Resources */,
				75BE58571A7D445400C8CD5E /* ClearWhitePressed.png in Resources */,
				75BE585E1A7D4E5D00C8CD5E /* headshot2.jpg in Resources */,
				75BE585F1A7D4E5D00C8CD5E /* headshot1.jpg in Resources */,
				31CBD8D71A662B5800BF195C /* Images.xcassets in Resources */,
			);
			runOnlyForDeploymentPostprocessing = 0;
		};
		31CBD8DD1A662B5800BF195C /* Resources */ = {
			isa = PBXResourcesBuildPhase;
			buildActionMask = 2147483647;
			files = (
			);
			runOnlyForDeploymentPostprocessing = 0;
		};
/* End PBXResourcesBuildPhase section */

/* Begin PBXSourcesBuildPhase section */
		31CBD8C31A662B5800BF195C /* Sources */ = {
			isa = PBXSourcesBuildPhase;
			buildActionMask = 2147483647;
			files = (
				75C1CB0B1A688DB200110FCA /* Constants.swift in Sources */,
				757057EA1A688BD600C05B21 /* Location.swift in Sources */,
				75BE584A1A7D3CD000C8CD5E /* BusfinderLoginViewController.swift in Sources */,
				757057EC1A688BD600C05B21 /* Group.swift in Sources */,
				31CBD8D21A662B5800BF195C /* HomeViewController.swift in Sources */,
				75C1CB101A68A48E00110FCA /* RecordViewController.swift in Sources */,
				757057F41A688BD700C05B21 /* LogBook.swift in Sources */,
				757057F01A688BD700C05B21 /* Route.swift in Sources */,
				750E27671A6F10F4003B2823 /* Session.swift in Sources */,
				75BE58591A7D481100C8CD5E /* TransitionManager.swift in Sources */,
				7519611A1AA24A2E000519A0 /* RouteViewController.swift in Sources */,
				757057F21A688BD700C05B21 /* Tags.swift in Sources */,
				31CBD8D01A662B5800BF195C /* MapPlant.xcdatamodeld in Sources */,
				75BE585B1A7D48B700C8CD5E /* BusfinderMainViewController.swift in Sources */,
				757057EE1A688BD600C05B21 /* LocationSet.swift in Sources */,
				75C1CB0E1A688EC300110FCA /* Helpers.swift in Sources */,
				75ACFB2D1A6C311900162FDB /* RouteTableViewController.swift in Sources */,
				7504C5751A7F0F160040AC61 /* BusfinderMapViewController.swift in Sources */,
				31CBD8CD1A662B5800BF195C /* AppDelegate.swift in Sources */,
			);
			runOnlyForDeploymentPostprocessing = 0;
		};
		31CBD8DB1A662B5800BF195C /* Sources */ = {
			isa = PBXSourcesBuildPhase;
			buildActionMask = 2147483647;
			files = (
				31CBD8E61A662B5800BF195C /* MapPlantTests.swift in Sources */,
			);
			runOnlyForDeploymentPostprocessing = 0;
		};
/* End PBXSourcesBuildPhase section */

/* Begin PBXTargetDependency section */
		31CBD8E11A662B5800BF195C /* PBXTargetDependency */ = {
			isa = PBXTargetDependency;
			target = 31CBD8C61A662B5800BF195C /* MapPlant */;
			targetProxy = 31CBD8E01A662B5800BF195C /* PBXContainerItemProxy */;
		};
/* End PBXTargetDependency section */

/* Begin PBXVariantGroup section */
		31CBD8D31A662B5800BF195C /* Main.storyboard */ = {
			isa = PBXVariantGroup;
			children = (
				31CBD8D41A662B5800BF195C /* Base */,
			);
			name = Main.storyboard;
			sourceTree = "<group>";
		};
		31CBD8D81A662B5800BF195C /* LaunchScreen.xib */ = {
			isa = PBXVariantGroup;
			children = (
				31CBD8D91A662B5800BF195C /* Base */,
			);
			name = LaunchScreen.xib;
			sourceTree = "<group>";
		};
/* End PBXVariantGroup section */

/* Begin XCBuildConfiguration section */
		31CBD8E71A662B5800BF195C /* Debug */ = {
			isa = XCBuildConfiguration;
			buildSettings = {
				ALWAYS_SEARCH_USER_PATHS = NO;
				CLANG_CXX_LANGUAGE_STANDARD = "gnu++0x";
				CLANG_CXX_LIBRARY = "libc++";
				CLANG_ENABLE_MODULES = YES;
				CLANG_ENABLE_OBJC_ARC = YES;
				CLANG_WARN_BOOL_CONVERSION = YES;
				CLANG_WARN_CONSTANT_CONVERSION = YES;
				CLANG_WARN_DIRECT_OBJC_ISA_USAGE = YES_ERROR;
				CLANG_WARN_EMPTY_BODY = YES;
				CLANG_WARN_ENUM_CONVERSION = YES;
				CLANG_WARN_INT_CONVERSION = YES;
				CLANG_WARN_OBJC_ROOT_CLASS = YES_ERROR;
				CLANG_WARN_UNREACHABLE_CODE = YES;
				CLANG_WARN__DUPLICATE_METHOD_MATCH = YES;
				"CODE_SIGN_IDENTITY[sdk=iphoneos*]" = "iPhone Developer";
				COPY_PHASE_STRIP = NO;
				ENABLE_STRICT_OBJC_MSGSEND = YES;
				GCC_C_LANGUAGE_STANDARD = gnu99;
				GCC_DYNAMIC_NO_PIC = NO;
				GCC_OPTIMIZATION_LEVEL = 0;
				GCC_PREPROCESSOR_DEFINITIONS = (
					"DEBUG=1",
					"$(inherited)",
				);
				GCC_SYMBOLS_PRIVATE_EXTERN = NO;
				GCC_WARN_64_TO_32_BIT_CONVERSION = YES;
				GCC_WARN_ABOUT_RETURN_TYPE = YES_ERROR;
				GCC_WARN_UNDECLARED_SELECTOR = YES;
				GCC_WARN_UNINITIALIZED_AUTOS = YES_AGGRESSIVE;
				GCC_WARN_UNUSED_FUNCTION = YES;
				GCC_WARN_UNUSED_VARIABLE = YES;
				IPHONEOS_DEPLOYMENT_TARGET = 8.1;
				MTL_ENABLE_DEBUG_INFO = YES;
				ONLY_ACTIVE_ARCH = YES;
				SDKROOT = iphoneos;
				SWIFT_OPTIMIZATION_LEVEL = "-Onone";
			};
			name = Debug;
		};
		31CBD8E81A662B5800BF195C /* Release */ = {
			isa = XCBuildConfiguration;
			buildSettings = {
				ALWAYS_SEARCH_USER_PATHS = NO;
				CLANG_CXX_LANGUAGE_STANDARD = "gnu++0x";
				CLANG_CXX_LIBRARY = "libc++";
				CLANG_ENABLE_MODULES = YES;
				CLANG_ENABLE_OBJC_ARC = YES;
				CLANG_WARN_BOOL_CONVERSION = YES;
				CLANG_WARN_CONSTANT_CONVERSION = YES;
				CLANG_WARN_DIRECT_OBJC_ISA_USAGE = YES_ERROR;
				CLANG_WARN_EMPTY_BODY = YES;
				CLANG_WARN_ENUM_CONVERSION = YES;
				CLANG_WARN_INT_CONVERSION = YES;
				CLANG_WARN_OBJC_ROOT_CLASS = YES_ERROR;
				CLANG_WARN_UNREACHABLE_CODE = YES;
				CLANG_WARN__DUPLICATE_METHOD_MATCH = YES;
				"CODE_SIGN_IDENTITY[sdk=iphoneos*]" = "iPhone Developer";
				COPY_PHASE_STRIP = YES;
				ENABLE_NS_ASSERTIONS = NO;
				ENABLE_STRICT_OBJC_MSGSEND = YES;
				GCC_C_LANGUAGE_STANDARD = gnu99;
				GCC_WARN_64_TO_32_BIT_CONVERSION = YES;
				GCC_WARN_ABOUT_RETURN_TYPE = YES_ERROR;
				GCC_WARN_UNDECLARED_SELECTOR = YES;
				GCC_WARN_UNINITIALIZED_AUTOS = YES_AGGRESSIVE;
				GCC_WARN_UNUSED_FUNCTION = YES;
				GCC_WARN_UNUSED_VARIABLE = YES;
				IPHONEOS_DEPLOYMENT_TARGET = 8.1;
				MTL_ENABLE_DEBUG_INFO = NO;
				SDKROOT = iphoneos;
				VALIDATE_PRODUCT = YES;
			};
			name = Release;
		};
		31CBD8EA1A662B5800BF195C /* Debug */ = {
			isa = XCBuildConfiguration;
			buildSettings = {
				ASSETCATALOG_COMPILER_APPICON_NAME = AppIcon;
				CODE_SIGN_IDENTITY = "iPhone Developer";
				INFOPLIST_FILE = MapPlant/Info.plist;
				IPHONEOS_DEPLOYMENT_TARGET = 8.1;
				LD_RUNPATH_SEARCH_PATHS = "$(inherited) @executable_path/Frameworks";
				PRODUCT_NAME = "$(TARGET_NAME)";
			};
			name = Debug;
		};
		31CBD8EB1A662B5800BF195C /* Release */ = {
			isa = XCBuildConfiguration;
			buildSettings = {
				ASSETCATALOG_COMPILER_APPICON_NAME = AppIcon;
				CODE_SIGN_IDENTITY = "iPhone Developer";
				INFOPLIST_FILE = MapPlant/Info.plist;
				IPHONEOS_DEPLOYMENT_TARGET = 8.1;
				LD_RUNPATH_SEARCH_PATHS = "$(inherited) @executable_path/Frameworks";
				PRODUCT_NAME = "$(TARGET_NAME)";
			};
			name = Release;
		};
		31CBD8ED1A662B5800BF195C /* Debug */ = {
			isa = XCBuildConfiguration;
			buildSettings = {
				BUNDLE_LOADER = "$(TEST_HOST)";
				FRAMEWORK_SEARCH_PATHS = (
					"$(SDKROOT)/Developer/Library/Frameworks",
					"$(inherited)",
				);
				GCC_PREPROCESSOR_DEFINITIONS = (
					"DEBUG=1",
					"$(inherited)",
				);
				INFOPLIST_FILE = MapPlantTests/Info.plist;
				LD_RUNPATH_SEARCH_PATHS = "$(inherited) @executable_path/Frameworks @loader_path/Frameworks";
				PRODUCT_NAME = "$(TARGET_NAME)";
				TEST_HOST = "$(BUILT_PRODUCTS_DIR)/MapPlant.app/MapPlant";
			};
			name = Debug;
		};
		31CBD8EE1A662B5800BF195C /* Release */ = {
			isa = XCBuildConfiguration;
			buildSettings = {
				BUNDLE_LOADER = "$(TEST_HOST)";
				FRAMEWORK_SEARCH_PATHS = (
					"$(SDKROOT)/Developer/Library/Frameworks",
					"$(inherited)",
				);
				INFOPLIST_FILE = MapPlantTests/Info.plist;
				LD_RUNPATH_SEARCH_PATHS = "$(inherited) @executable_path/Frameworks @loader_path/Frameworks";
				PRODUCT_NAME = "$(TARGET_NAME)";
				TEST_HOST = "$(BUILT_PRODUCTS_DIR)/MapPlant.app/MapPlant";
			};
			name = Release;
		};
/* End XCBuildConfiguration section */

/* Begin XCConfigurationList section */
		31CBD8C21A662B5800BF195C /* Build configuration list for PBXProject "MapPlant" */ = {
			isa = XCConfigurationList;
			buildConfigurations = (
				31CBD8E71A662B5800BF195C /* Debug */,
				31CBD8E81A662B5800BF195C /* Release */,
			);
			defaultConfigurationIsVisible = 0;
			defaultConfigurationName = Release;
		};
		31CBD8E91A662B5800BF195C /* Build configuration list for PBXNativeTarget "MapPlant" */ = {
			isa = XCConfigurationList;
			buildConfigurations = (
				31CBD8EA1A662B5800BF195C /* Debug */,
				31CBD8EB1A662B5800BF195C /* Release */,
			);
			defaultConfigurationIsVisible = 0;
			defaultConfigurationName = Release;
		};
		31CBD8EC1A662B5800BF195C /* Build configuration list for PBXNativeTarget "MapPlantTests" */ = {
			isa = XCConfigurationList;
			buildConfigurations = (
				31CBD8ED1A662B5800BF195C /* Debug */,
				31CBD8EE1A662B5800BF195C /* Release */,
			);
			defaultConfigurationIsVisible = 0;
			defaultConfigurationName = Release;
		};
/* End XCConfigurationList section */

/* Begin XCVersionGroup section */
		31CBD8CE1A662B5800BF195C /* MapPlant.xcdatamodeld */ = {
			isa = XCVersionGroup;
			children = (
				31CBD8CF1A662B5800BF195C /* MapPlant.xcdatamodel */,
			);
			currentVersion = 31CBD8CF1A662B5800BF195C /* MapPlant.xcdatamodel */;
			path = MapPlant.xcdatamodeld;
			sourceTree = "<group>";
			versionGroupType = wrapper.xcdatamodel;
		};
/* End XCVersionGroup section */
	};
	rootObject = 31CBD8BF1A662B5800BF195C /* Project object */;
}
