// !$*UTF8*$!
{
	archiveVersion = 1;
	classes = {
	};
	objectVersion = 46;
	objects = {

/* Begin PBXBuildFile section */
		31CBD8CD1A662B5800BF195C /* AppDelegate.swift in Sources */ = {isa = PBXBuildFile; fileRef = 31CBD8CC1A662B5800BF195C /* AppDelegate.swift */; };
		31CBD8D01A662B5800BF195C /* MapPlant.xcdatamodeld in Sources */ = {isa = PBXBuildFile; fileRef = 31CBD8CE1A662B5800BF195C /* MapPlant.xcdatamodeld */; };
		31CBD8D21A662B5800BF195C /* HomeViewController.swift in Sources */ = {isa = PBXBuildFile; fileRef = 31CBD8D11A662B5800BF195C /* HomeViewController.swift */; };
		31CBD8D51A662B5800BF195C /* Main.storyboard in Resources */ = {isa = PBXBuildFile; fileRef = 31CBD8D31A662B5800BF195C /* Main.storyboard */; };
		31CBD8D71A662B5800BF195C /* Images.xcassets in Resources */ = {isa = PBXBuildFile; fileRef = 31CBD8D61A662B5800BF195C /* Images.xcassets */; };
		31CBD8DA1A662B5800BF195C /* LaunchScreen.xib in Resources */ = {isa = PBXBuildFile; fileRef = 31CBD8D81A662B5800BF195C /* LaunchScreen.xib */; };
		31CBD8E61A662B5800BF195C /* MapPlantTests.swift in Sources */ = {isa = PBXBuildFile; fileRef = 31CBD8E51A662B5800BF195C /* MapPlantTests.swift */; };
		757057E81A688BD600C05B21 /* Session.swift in Sources */ = {isa = PBXBuildFile; fileRef = 757057E71A688BD600C05B21 /* Session.swift */; };
		757057EA1A688BD600C05B21 /* Location.swift in Sources */ = {isa = PBXBuildFile; fileRef = 757057E91A688BD600C05B21 /* Location.swift */; };
		757057EC1A688BD600C05B21 /* Group.swift in Sources */ = {isa = PBXBuildFile; fileRef = 757057EB1A688BD600C05B21 /* Group.swift */; };
		757057EE1A688BD600C05B21 /* LocationSet.swift in Sources */ = {isa = PBXBuildFile; fileRef = 757057ED1A688BD600C05B21 /* LocationSet.swift */; };
		757057F01A688BD700C05B21 /* Route.swift in Sources */ = {isa = PBXBuildFile; fileRef = 757057EF1A688BD700C05B21 /* Route.swift */; };
		757057F21A688BD700C05B21 /* Tags.swift in Sources */ = {isa = PBXBuildFile; fileRef = 757057F11A688BD700C05B21 /* Tags.swift */; };
		757057F41A688BD700C05B21 /* LogBook.swift in Sources */ = {isa = PBXBuildFile; fileRef = 757057F31A688BD700C05B21 /* LogBook.swift */; };
		75ACFB2D1A6C311900162FDB /* RouteTableViewController.swift in Sources */ = {isa = PBXBuildFile; fileRef = 75ACFB2C1A6C311900162FDB /* RouteTableViewController.swift */; };
		75B248561A688197005ECBA1 /* combine.sh in Resources */ = {isa = PBXBuildFile; fileRef = 75B2484D1A688197005ECBA1 /* combine.sh */; };
		75B248571A688197005ECBA1 /* Formatter.swift in Sources */ = {isa = PBXBuildFile; fileRef = 75B2484E1A688197005ECBA1 /* Formatter.swift */; };
		75B248581A688197005ECBA1 /* Info.plist in Resources */ = {isa = PBXBuildFile; fileRef = 75B2484F1A688197005ECBA1 /* Info.plist */; };
		75B248591A688197005ECBA1 /* Logger.swift in Sources */ = {isa = PBXBuildFile; fileRef = 75B248501A688197005ECBA1 /* Logger.swift */; };
		75B2485A1A688197005ECBA1 /* LogLevel.swift in Sources */ = {isa = PBXBuildFile; fileRef = 75B248511A688197005ECBA1 /* LogLevel.swift */; };
		75B2485B1A688197005ECBA1 /* LogLocation.swift in Sources */ = {isa = PBXBuildFile; fileRef = 75B248521A688197005ECBA1 /* LogLocation.swift */; };
		75B2485C1A688197005ECBA1 /* LogSelector.swift in Sources */ = {isa = PBXBuildFile; fileRef = 75B248531A688197005ECBA1 /* LogSelector.swift */; };
		75B2485D1A688197005ECBA1 /* Swell.swift in Sources */ = {isa = PBXBuildFile; fileRef = 75B248551A688197005ECBA1 /* Swell.swift */; };
		75C1CB0B1A688DB200110FCA /* Constants.swift in Sources */ = {isa = PBXBuildFile; fileRef = 75C1CB0A1A688DB200110FCA /* Constants.swift */; };
		75C1CB0E1A688EC300110FCA /* Helpers.swift in Sources */ = {isa = PBXBuildFile; fileRef = 75C1CB0D1A688EC300110FCA /* Helpers.swift */; };
		75C1CB101A68A48E00110FCA /* RecordViewController.swift in Sources */ = {isa = PBXBuildFile; fileRef = 75C1CB0F1A68A48E00110FCA /* RecordViewController.swift */; };
		75C1CB121A68A61100110FCA /* MapKit.framework in Frameworks */ = {isa = PBXBuildFile; fileRef = 75C1CB111A68A61100110FCA /* MapKit.framework */; };
		75C1CB141A68A71B00110FCA /* CoreLocation.framework in Frameworks */ = {isa = PBXBuildFile; fileRef = 75C1CB131A68A71B00110FCA /* CoreLocation.framework */; };
/* End PBXBuildFile section */

/* Begin PBXContainerItemProxy section */
		31CBD8E01A662B5800BF195C /* PBXContainerItemProxy */ = {
			isa = PBXContainerItemProxy;
			containerPortal = 31CBD8BF1A662B5800BF195C /* Project object */;
			proxyType = 1;
			remoteGlobalIDString = 31CBD8C61A662B5800BF195C;
			remoteInfo = MapPlant;
		};
/* End PBXContainerItemProxy section */

/* Begin PBXFileReference section */
		31CBD8C71A662B5800BF195C /* MapPlant.app */ = {isa = PBXFileReference; explicitFileType = wrapper.application; includeInIndex = 0; path = MapPlant.app; sourceTree = BUILT_PRODUCTS_DIR; };
		31CBD8CB1A662B5800BF195C /* Info.plist */ = {isa = PBXFileReference; lastKnownFileType = text.plist.xml; path = Info.plist; sourceTree = "<group>"; };
		31CBD8CC1A662B5800BF195C /* AppDelegate.swift */ = {isa = PBXFileReference; lastKnownFileType = sourcecode.swift; path = AppDelegate.swift; sourceTree = "<group>"; };
		31CBD8CF1A662B5800BF195C /* MapPlant.xcdatamodel */ = {isa = PBXFileReference; lastKnownFileType = wrapper.xcdatamodel; path = MapPlant.xcdatamodel; sourceTree = "<group>"; };
		31CBD8D11A662B5800BF195C /* HomeViewController.swift */ = {isa = PBXFileReference; lastKnownFileType = sourcecode.swift; path = HomeViewController.swift; sourceTree = "<group>"; };
		31CBD8D41A662B5800BF195C /* Base */ = {isa = PBXFileReference; lastKnownFileType = file.storyboard; name = Base; path = Base.lproj/Main.storyboard; sourceTree = "<group>"; };
		31CBD8D61A662B5800BF195C /* Images.xcassets */ = {isa = PBXFileReference; lastKnownFileType = folder.assetcatalog; path = Images.xcassets; sourceTree = "<group>"; };
		31CBD8D91A662B5800BF195C /* Base */ = {isa = PBXFileReference; lastKnownFileType = file.xib; name = Base; path = Base.lproj/LaunchScreen.xib; sourceTree = "<group>"; };
		31CBD8DF1A662B5800BF195C /* MapPlantTests.xctest */ = {isa = PBXFileReference; explicitFileType = wrapper.cfbundle; includeInIndex = 0; path = MapPlantTests.xctest; sourceTree = BUILT_PRODUCTS_DIR; };
		31CBD8E41A662B5800BF195C /* Info.plist */ = {isa = PBXFileReference; lastKnownFileType = text.plist.xml; path = Info.plist; sourceTree = "<group>"; };
		31CBD8E51A662B5800BF195C /* MapPlantTests.swift */ = {isa = PBXFileReference; lastKnownFileType = sourcecode.swift; path = MapPlantTests.swift; sourceTree = "<group>"; };
		757057E71A688BD600C05B21 /* Session.swift */ = {isa = PBXFileReference; fileEncoding = 4; lastKnownFileType = sourcecode.swift; path = Session.swift; sourceTree = "<group>"; };
		757057E91A688BD600C05B21 /* Location.swift */ = {isa = PBXFileReference; fileEncoding = 4; lastKnownFileType = sourcecode.swift; path = Location.swift; sourceTree = "<group>"; };
		757057EB1A688BD600C05B21 /* Group.swift */ = {isa = PBXFileReference; fileEncoding = 4; lastKnownFileType = sourcecode.swift; path = Group.swift; sourceTree = "<group>"; };
		757057ED1A688BD600C05B21 /* LocationSet.swift */ = {isa = PBXFileReference; fileEncoding = 4; lastKnownFileType = sourcecode.swift; path = LocationSet.swift; sourceTree = "<group>"; };
		757057EF1A688BD700C05B21 /* Route.swift */ = {isa = PBXFileReference; fileEncoding = 4; lastKnownFileType = sourcecode.swift; path = Route.swift; sourceTree = "<group>"; };
		757057F11A688BD700C05B21 /* Tags.swift */ = {isa = PBXFileReference; fileEncoding = 4; lastKnownFileType = sourcecode.swift; path = Tags.swift; sourceTree = "<group>"; };
		757057F31A688BD700C05B21 /* LogBook.swift */ = {isa = PBXFileReference; fileEncoding = 4; lastKnownFileType = sourcecode.swift; path = LogBook.swift; sourceTree = "<group>"; };
		75ACFB2C1A6C311900162FDB /* RouteTableViewController.swift */ = {isa = PBXFileReference; fileEncoding = 4; lastKnownFileType = sourcecode.swift; path = RouteTableViewController.swift; sourceTree = "<group>"; };
		75ACFB2E1A6C32F000162FDB /* MapPlantPlayground.playground */ = {isa = PBXFileReference; lastKnownFileType = file.playground; path = MapPlantPlayground.playground; sourceTree = "<group>"; };
		75B2484D1A688197005ECBA1 /* combine.sh */ = {isa = PBXFileReference; fileEncoding = 4; lastKnownFileType = text.script.sh; path = combine.sh; sourceTree = "<group>"; };
		75B2484E1A688197005ECBA1 /* Formatter.swift */ = {isa = PBXFileReference; fileEncoding = 4; lastKnownFileType = sourcecode.swift; path = Formatter.swift; sourceTree = "<group>"; };
		75B2484F1A688197005ECBA1 /* Info.plist */ = {isa = PBXFileReference; fileEncoding = 4; lastKnownFileType = text.plist.xml; path = Info.plist; sourceTree = "<group>"; };
		75B248501A688197005ECBA1 /* Logger.swift */ = {isa = PBXFileReference; fileEncoding = 4; lastKnownFileType = sourcecode.swift; path = Logger.swift; sourceTree = "<group>"; };
		75B248511A688197005ECBA1 /* LogLevel.swift */ = {isa = PBXFileReference; fileEncoding = 4; lastKnownFileType = sourcecode.swift; path = LogLevel.swift; sourceTree = "<group>"; };
		75B248521A688197005ECBA1 /* LogLocation.swift */ = {isa = PBXFileReference; fileEncoding = 4; lastKnownFileType = sourcecode.swift; path = LogLocation.swift; sourceTree = "<group>"; };
		75B248531A688197005ECBA1 /* LogSelector.swift */ = {isa = PBXFileReference; fileEncoding = 4; lastKnownFileType = sourcecode.swift; path = LogSelector.swift; sourceTree = "<group>"; };
		75B248541A688197005ECBA1 /* Swell.h */ = {isa = PBXFileReference; fileEncoding = 4; lastKnownFileType = sourcecode.c.h; path = Swell.h; sourceTree = "<group>"; };
		75B248551A688197005ECBA1 /* Swell.swift */ = {isa = PBXFileReference; fileEncoding = 4; lastKnownFileType = sourcecode.swift; path = Swell.swift; sourceTree = "<group>"; };
		75C1CB0A1A688DB200110FCA /* Constants.swift */ = {isa = PBXFileReference; fileEncoding = 4; lastKnownFileType = sourcecode.swift; path = Constants.swift; sourceTree = "<group>"; };
		75C1CB0D1A688EC300110FCA /* Helpers.swift */ = {isa = PBXFileReference; fileEncoding = 4; lastKnownFileType = sourcecode.swift; path = Helpers.swift; sourceTree = "<group>"; };
		75C1CB0F1A68A48E00110FCA /* RecordViewController.swift */ = {isa = PBXFileReference; fileEncoding = 4; lastKnownFileType = sourcecode.swift; path = RecordViewController.swift; sourceTree = "<group>"; };
		75C1CB111A68A61100110FCA /* MapKit.framework */ = {isa = PBXFileReference; lastKnownFileType = wrapper.framework; name = MapKit.framework; path = System/Library/Frameworks/MapKit.framework; sourceTree = SDKROOT; };
		75C1CB131A68A71B00110FCA /* CoreLocation.framework */ = {isa = PBXFileReference; lastKnownFileType = wrapper.framework; name = CoreLocation.framework; path = System/Library/Frameworks/CoreLocation.framework; sourceTree = SDKROOT; };
/* End PBXFileReference section */

/* Begin PBXFrameworksBuildPhase section */
		31CBD8C41A662B5800BF195C /* Frameworks */ = {
			isa = PBXFrameworksBuildPhase;
			buildActionMask = 2147483647;
			files = (
				75C1CB141A68A71B00110FCA /* CoreLocation.framework in Frameworks */,
				75C1CB121A68A61100110FCA /* MapKit.framework in Frameworks */,
			);
			runOnlyForDeploymentPostprocessing = 0;
		};
		31CBD8DC1A662B5800BF195C /* Frameworks */ = {
			isa = PBXFrameworksBuildPhase;
			buildActionMask = 2147483647;
			files = (
			);
			runOnlyForDeploymentPostprocessing = 0;
		};
/* End PBXFrameworksBuildPhase section */

/* Begin PBXGroup section */
		31CBD8BE1A662B5800BF195C = {
			isa = PBXGroup;
			children = (
				75C1CB151A68A72200110FCA /* Frameworks */,
				75B2484B1A68817B005ECBA1 /* 3rd Party Frameworks */,
				31CBD8C91A662B5800BF195C /* MapPlant */,
				31CBD8E21A662B5800BF195C /* MapPlantTests */,
				31CBD8C81A662B5800BF195C /* Products */,
			);
			sourceTree = "<group>";
		};
		31CBD8C81A662B5800BF195C /* Products */ = {
			isa = PBXGroup;
			children = (
				31CBD8C71A662B5800BF195C /* MapPlant.app */,
				31CBD8DF1A662B5800BF195C /* MapPlantTests.xctest */,
			);
			name = Products;
			sourceTree = "<group>";
		};
		31CBD8C91A662B5800BF195C /* MapPlant */ = {
			isa = PBXGroup;
			children = (
				75C1CB0C1A688DBB00110FCA /* CoreData */,
				31CBD8D31A662B5800BF195C /* Main.storyboard */,
				75ACFB2C1A6C311900162FDB /* RouteTableViewController.swift */,
				31CBD8D81A662B5800BF195C /* LaunchScreen.xib */,
				31CBD8CC1A662B5800BF195C /* AppDelegate.swift */,
				31CBD8D11A662B5800BF195C /* HomeViewController.swift */,
				75C1CB0F1A68A48E00110FCA /* RecordViewController.swift */,
				31CBD8CA1A662B5800BF195C /* Supporting Files */,
			);
			path = MapPlant;
			sourceTree = "<group>";
		};
		31CBD8CA1A662B5800BF195C /* Supporting Files */ = {
			isa = PBXGroup;
			children = (
				75ACFB2E1A6C32F000162FDB /* MapPlantPlayground.playground */,
				75C1CB0A1A688DB200110FCA /* Constants.swift */,
				31CBD8D61A662B5800BF195C /* Images.xcassets */,
				31CBD8CB1A662B5800BF195C /* Info.plist */,
				75C1CB0D1A688EC300110FCA /* Helpers.swift */,
			);
			name = "Supporting Files";
			sourceTree = "<group>";
		};
		31CBD8E21A662B5800BF195C /* MapPlantTests */ = {
			isa = PBXGroup;
			children = (
				31CBD8E51A662B5800BF195C /* MapPlantTests.swift */,
				31CBD8E31A662B5800BF195C /* Supporting Files */,
			);
			path = MapPlantTests;
			sourceTree = "<group>";
		};
		31CBD8E31A662B5800BF195C /* Supporting Files */ = {
			isa = PBXGroup;
			children = (
				31CBD8E41A662B5800BF195C /* Info.plist */,
			);
			name = "Supporting Files";
			sourceTree = "<group>";
		};
		75B2484B1A68817B005ECBA1 /* 3rd Party Frameworks */ = {
			isa = PBXGroup;
			children = (
				75B2484C1A688188005ECBA1 /* Swell */,
			);
			name = "3rd Party Frameworks";
			sourceTree = "<group>";
		};
		75B2484C1A688188005ECBA1 /* Swell */ = {
			isa = PBXGroup;
			children = (
				75B2484D1A688197005ECBA1 /* combine.sh */,
				75B2484E1A688197005ECBA1 /* Formatter.swift */,
				75B2484F1A688197005ECBA1 /* Info.plist */,
				75B248501A688197005ECBA1 /* Logger.swift */,
				75B248511A688197005ECBA1 /* LogLevel.swift */,
				75B248521A688197005ECBA1 /* LogLocation.swift */,
				75B248531A688197005ECBA1 /* LogSelector.swift */,
				75B248541A688197005ECBA1 /* Swell.h */,
				75B248551A688197005ECBA1 /* Swell.swift */,
			);
			name = Swell;
			sourceTree = "<group>";
		};
		75C1CB0C1A688DBB00110FCA /* CoreData */ = {
			isa = PBXGroup;
			children = (
				31CBD8CE1A662B5800BF195C /* MapPlant.xcdatamodeld */,
				757057F31A688BD700C05B21 /* LogBook.swift */,
				757057F11A688BD700C05B21 /* Tags.swift */,
				757057EF1A688BD700C05B21 /* Route.swift */,
				757057ED1A688BD600C05B21 /* LocationSet.swift */,
				757057EB1A688BD600C05B21 /* Group.swift */,
				757057E91A688BD600C05B21 /* Location.swift */,
				757057E71A688BD600C05B21 /* Session.swift */,
			);
			name = CoreData;
			sourceTree = "<group>";
		};
		75C1CB151A68A72200110FCA /* Frameworks */ = {
			isa = PBXGroup;
			children = (
				75C1CB131A68A71B00110FCA /* CoreLocation.framework */,
				75C1CB111A68A61100110FCA /* MapKit.framework */,
			);
			name = Frameworks;
			sourceTree = "<group>";
		};
/* End PBXGroup section */

/* Begin PBXNativeTarget section */
		31CBD8C61A662B5800BF195C /* MapPlant */ = {
			isa = PBXNativeTarget;
			buildConfigurationList = 31CBD8E91A662B5800BF195C /* Build configuration list for PBXNativeTarget "MapPlant" */;
			buildPhases = (
				31CBD8C31A662B5800BF195C /* Sources */,
				31CBD8C41A662B5800BF195C /* Frameworks */,
				31CBD8C51A662B5800BF195C /* Resources */,
			);
			buildRules = (
			);
			dependencies = (
			);
			name = MapPlant;
			productName = MapPlant;
			productReference = 31CBD8C71A662B5800BF195C /* MapPlant.app */;
			productType = "com.apple.product-type.application";
		};
		31CBD8DE1A662B5800BF195C /* MapPlantTests */ = {
			isa = PBXNativeTarget;
			buildConfigurationList = 31CBD8EC1A662B5800BF195C /* Build configuration list for PBXNativeTarget "MapPlantTests" */;
			buildPhases = (
				31CBD8DB1A662B5800BF195C /* Sources */,
				31CBD8DC1A662B5800BF195C /* Frameworks */,
				31CBD8DD1A662B5800BF195C /* Resources */,
			);
			buildRules = (
			);
			dependencies = (
				31CBD8E11A662B5800BF195C /* PBXTargetDependency */,
			);
			name = MapPlantTests;
			productName = MapPlantTests;
			productReference = 31CBD8DF1A662B5800BF195C /* MapPlantTests.xctest */;
			productType = "com.apple.product-type.bundle.unit-test";
		};
/* End PBXNativeTarget section */

/* Begin PBXProject section */
		31CBD8BF1A662B5800BF195C /* Project object */ = {
			isa = PBXProject;
			attributes = {
				LastUpgradeCheck = 0610;
				ORGANIZATIONNAME = "Kevin Sullivan";
				TargetAttributes = {
					31CBD8C61A662B5800BF195C = {
						CreatedOnToolsVersion = 6.1.1;
						DevelopmentTeam = S7BT87895F;
					};
					31CBD8DE1A662B5800BF195C = {
						CreatedOnToolsVersion = 6.1.1;
						TestTargetID = 31CBD8C61A662B5800BF195C;
					};
				};
			};
			buildConfigurationList = 31CBD8C21A662B5800BF195C /* Build configuration list for PBXProject "MapPlant" */;
			compatibilityVersion = "Xcode 3.2";
			developmentRegion = English;
			hasScannedForEncodings = 0;
			knownRegions = (
				en,
				Base,
			);
			mainGroup = 31CBD8BE1A662B5800BF195C;
			productRefGroup = 31CBD8C81A662B5800BF195C /* Products */;
			projectDirPath = "";
			projectRoot = "";
			targets = (
				31CBD8C61A662B5800BF195C /* MapPlant */,
				31CBD8DE1A662B5800BF195C /* MapPlantTests */,
			);
		};
/* End PBXProject section */

/* Begin PBXResourcesBuildPhase section */
		31CBD8C51A662B5800BF195C /* Resources */ = {
			isa = PBXResourcesBuildPhase;
			buildActionMask = 2147483647;
			files = (
				75B248561A688197005ECBA1 /* combine.sh in Resources */,
				31CBD8D51A662B5800BF195C /* Main.storyboard in Resources */,
				31CBD8DA1A662B5800BF195C /* LaunchScreen.xib in Resources */,
				75B248581A688197005ECBA1 /* Info.plist in Resources */,
				31CBD8D71A662B5800BF195C /* Images.xcassets in Resources */,
			);
			runOnlyForDeploymentPostprocessing = 0;
		};
		31CBD8DD1A662B5800BF195C /* Resources */ = {
			isa = PBXResourcesBuildPhase;
			buildActionMask = 2147483647;
			files = (
			);
			runOnlyForDeploymentPostprocessing = 0;
		};
/* End PBXResourcesBuildPhase section */

/* Begin PBXSourcesBuildPhase section */
		31CBD8C31A662B5800BF195C /* Sources */ = {
			isa = PBXSourcesBuildPhase;
			buildActionMask = 2147483647;
			files = (
				757057E81A688BD600C05B21 /* Session.swift in Sources */,
				75C1CB0B1A688DB200110FCA /* Constants.swift in Sources */,
				757057EA1A688BD600C05B21 /* Location.swift in Sources */,
				75B248571A688197005ECBA1 /* Formatter.swift in Sources */,
				757057EC1A688BD600C05B21 /* Group.swift in Sources */,
				31CBD8D21A662B5800BF195C /* HomeViewController.swift in Sources */,
				75C1CB101A68A48E00110FCA /* RecordViewController.swift in Sources */,
				757057F41A688BD700C05B21 /* LogBook.swift in Sources */,
				757057F01A688BD700C05B21 /* Route.swift in Sources */,
				75B2485B1A688197005ECBA1 /* LogLocation.swift in Sources */,
				75B2485A1A688197005ECBA1 /* LogLevel.swift in Sources */,
				757057F21A688BD700C05B21 /* Tags.swift in Sources */,
				31CBD8D01A662B5800BF195C /* MapPlant.xcdatamodeld in Sources */,
				757057EE1A688BD600C05B21 /* LocationSet.swift in Sources */,
				75C1CB0E1A688EC300110FCA /* Helpers.swift in Sources */,
				75ACFB2D1A6C311900162FDB /* RouteTableViewController.swift in Sources */,
				75B248591A688197005ECBA1 /* Logger.swift in Sources */,
				75B2485C1A688197005ECBA1 /* LogSelector.swift in Sources */,
				75B2485D1A688197005ECBA1 /* Swell.swift in Sources */,
				31CBD8CD1A662B5800BF195C /* AppDelegate.swift in Sources */,
			);
			runOnlyForDeploymentPostprocessing = 0;
		};
		31CBD8DB1A662B5800BF195C /* Sources */ = {
			isa = PBXSourcesBuildPhase;
			buildActionMask = 2147483647;
			files = (
				31CBD8E61A662B5800BF195C /* MapPlantTests.swift in Sources */,
			);
			runOnlyForDeploymentPostprocessing = 0;
		};
/* End PBXSourcesBuildPhase section */

/* Begin PBXTargetDependency section */
		31CBD8E11A662B5800BF195C /* PBXTargetDependency */ = {
			isa = PBXTargetDependency;
			target = 31CBD8C61A662B5800BF195C /* MapPlant */;
			targetProxy = 31CBD8E01A662B5800BF195C /* PBXContainerItemProxy */;
		};
/* End PBXTargetDependency section */

/* Begin PBXVariantGroup section */
		31CBD8D31A662B5800BF195C /* Main.storyboard */ = {
			isa = PBXVariantGroup;
			children = (
				31CBD8D41A662B5800BF195C /* Base */,
			);
			name = Main.storyboard;
			sourceTree = "<group>";
		};
		31CBD8D81A662B5800BF195C /* LaunchScreen.xib */ = {
			isa = PBXVariantGroup;
			children = (
				31CBD8D91A662B5800BF195C /* Base */,
			);
			name = LaunchScreen.xib;
			sourceTree = "<group>";
		};
/* End PBXVariantGroup section */

/* Begin XCBuildConfiguration section */
		31CBD8E71A662B5800BF195C /* Debug */ = {
			isa = XCBuildConfiguration;
			buildSettings = {
				ALWAYS_SEARCH_USER_PATHS = NO;
				CLANG_CXX_LANGUAGE_STANDARD = "gnu++0x";
				CLANG_CXX_LIBRARY = "libc++";
				CLANG_ENABLE_MODULES = YES;
				CLANG_ENABLE_OBJC_ARC = YES;
				CLANG_WARN_BOOL_CONVERSION = YES;
				CLANG_WARN_CONSTANT_CONVERSION = YES;
				CLANG_WARN_DIRECT_OBJC_ISA_USAGE = YES_ERROR;
				CLANG_WARN_EMPTY_BODY = YES;
				CLANG_WARN_ENUM_CONVERSION = YES;
				CLANG_WARN_INT_CONVERSION = YES;
				CLANG_WARN_OBJC_ROOT_CLASS = YES_ERROR;
				CLANG_WARN_UNREACHABLE_CODE = YES;
				CLANG_WARN__DUPLICATE_METHOD_MATCH = YES;
				"CODE_SIGN_IDENTITY[sdk=iphoneos*]" = "iPhone Developer";
				COPY_PHASE_STRIP = NO;
				ENABLE_STRICT_OBJC_MSGSEND = YES;
				GCC_C_LANGUAGE_STANDARD = gnu99;
				GCC_DYNAMIC_NO_PIC = NO;
				GCC_OPTIMIZATION_LEVEL = 0;
				GCC_PREPROCESSOR_DEFINITIONS = (
					"DEBUG=1",
					"$(inherited)",
				);
				GCC_SYMBOLS_PRIVATE_EXTERN = NO;
				GCC_WARN_64_TO_32_BIT_CONVERSION = YES;
				GCC_WARN_ABOUT_RETURN_TYPE = YES_ERROR;
				GCC_WARN_UNDECLARED_SELECTOR = YES;
				GCC_WARN_UNINITIALIZED_AUTOS = YES_AGGRESSIVE;
				GCC_WARN_UNUSED_FUNCTION = YES;
				GCC_WARN_UNUSED_VARIABLE = YES;
				IPHONEOS_DEPLOYMENT_TARGET = 8.1;
				MTL_ENABLE_DEBUG_INFO = YES;
				ONLY_ACTIVE_ARCH = YES;
				SDKROOT = iphoneos;
				SWIFT_OPTIMIZATION_LEVEL = "-Onone";
			};
			name = Debug;
		};
		31CBD8E81A662B5800BF195C /* Release */ = {
			isa = XCBuildConfiguration;
			buildSettings = {
				ALWAYS_SEARCH_USER_PATHS = NO;
				CLANG_CXX_LANGUAGE_STANDARD = "gnu++0x";
				CLANG_CXX_LIBRARY = "libc++";
				CLANG_ENABLE_MODULES = YES;
				CLANG_ENABLE_OBJC_ARC = YES;
				CLANG_WARN_BOOL_CONVERSION = YES;
				CLANG_WARN_CONSTANT_CONVERSION = YES;
				CLANG_WARN_DIRECT_OBJC_ISA_USAGE = YES_ERROR;
				CLANG_WARN_EMPTY_BODY = YES;
				CLANG_WARN_ENUM_CONVERSION = YES;
				CLANG_WARN_INT_CONVERSION = YES;
				CLANG_WARN_OBJC_ROOT_CLASS = YES_ERROR;
				CLANG_WARN_UNREACHABLE_CODE = YES;
				CLANG_WARN__DUPLICATE_METHOD_MATCH = YES;
				"CODE_SIGN_IDENTITY[sdk=iphoneos*]" = "iPhone Developer";
				COPY_PHASE_STRIP = YES;
				ENABLE_NS_ASSERTIONS = NO;
				ENABLE_STRICT_OBJC_MSGSEND = YES;
				GCC_C_LANGUAGE_STANDARD = gnu99;
				GCC_WARN_64_TO_32_BIT_CONVERSION = YES;
				GCC_WARN_ABOUT_RETURN_TYPE = YES_ERROR;
				GCC_WARN_UNDECLARED_SELECTOR = YES;
				GCC_WARN_UNINITIALIZED_AUTOS = YES_AGGRESSIVE;
				GCC_WARN_UNUSED_FUNCTION = YES;
				GCC_WARN_UNUSED_VARIABLE = YES;
				IPHONEOS_DEPLOYMENT_TARGET = 8.1;
				MTL_ENABLE_DEBUG_INFO = NO;
				SDKROOT = iphoneos;
				VALIDATE_PRODUCT = YES;
			};
			name = Release;
		};
		31CBD8EA1A662B5800BF195C /* Debug */ = {
			isa = XCBuildConfiguration;
			buildSettings = {
				ASSETCATALOG_COMPILER_APPICON_NAME = AppIcon;
				INFOPLIST_FILE = MapPlant/Info.plist;
				IPHONEOS_DEPLOYMENT_TARGET = 8.1;
				LD_RUNPATH_SEARCH_PATHS = "$(inherited) @executable_path/Frameworks";
				PRODUCT_NAME = "$(TARGET_NAME)";
			};
			name = Debug;
		};
		31CBD8EB1A662B5800BF195C /* Release */ = {
			isa = XCBuildConfiguration;
			buildSettings = {
				ASSETCATALOG_COMPILER_APPICON_NAME = AppIcon;
				INFOPLIST_FILE = MapPlant/Info.plist;
				IPHONEOS_DEPLOYMENT_TARGET = 8.1;
				LD_RUNPATH_SEARCH_PATHS = "$(inherited) @executable_path/Frameworks";
				PRODUCT_NAME = "$(TARGET_NAME)";
			};
			name = Release;
		};
		31CBD8ED1A662B5800BF195C /* Debug */ = {
			isa = XCBuildConfiguration;
			buildSettings = {
				BUNDLE_LOADER = "$(TEST_HOST)";
				FRAMEWORK_SEARCH_PATHS = (
					"$(SDKROOT)/Developer/Library/Frameworks",
					"$(inherited)",
				);
				GCC_PREPROCESSOR_DEFINITIONS = (
					"DEBUG=1",
					"$(inherited)",
				);
				INFOPLIST_FILE = MapPlantTests/Info.plist;
				LD_RUNPATH_SEARCH_PATHS = "$(inherited) @executable_path/Frameworks @loader_path/Frameworks";
				PRODUCT_NAME = "$(TARGET_NAME)";
				TEST_HOST = "$(BUILT_PRODUCTS_DIR)/MapPlant.app/MapPlant";
			};
			name = Debug;
		};
		31CBD8EE1A662B5800BF195C /* Release */ = {
			isa = XCBuildConfiguration;
			buildSettings = {
				BUNDLE_LOADER = "$(TEST_HOST)";
				FRAMEWORK_SEARCH_PATHS = (
					"$(SDKROOT)/Developer/Library/Frameworks",
					"$(inherited)",
				);
				INFOPLIST_FILE = MapPlantTests/Info.plist;
				LD_RUNPATH_SEARCH_PATHS = "$(inherited) @executable_path/Frameworks @loader_path/Frameworks";
				PRODUCT_NAME = "$(TARGET_NAME)";
				TEST_HOST = "$(BUILT_PRODUCTS_DIR)/MapPlant.app/MapPlant";
			};
			name = Release;
		};
/* End XCBuildConfiguration section */

/* Begin XCConfigurationList section */
		31CBD8C21A662B5800BF195C /* Build configuration list for PBXProject "MapPlant" */ = {
			isa = XCConfigurationList;
			buildConfigurations = (
				31CBD8E71A662B5800BF195C /* Debug */,
				31CBD8E81A662B5800BF195C /* Release */,
			);
			defaultConfigurationIsVisible = 0;
			defaultConfigurationName = Release;
		};
		31CBD8E91A662B5800BF195C /* Build configuration list for PBXNativeTarget "MapPlant" */ = {
			isa = XCConfigurationList;
			buildConfigurations = (
				31CBD8EA1A662B5800BF195C /* Debug */,
				31CBD8EB1A662B5800BF195C /* Release */,
			);
			defaultConfigurationIsVisible = 0;
			defaultConfigurationName = Release;
		};
		31CBD8EC1A662B5800BF195C /* Build configuration list for PBXNativeTarget "MapPlantTests" */ = {
			isa = XCConfigurationList;
			buildConfigurations = (
				31CBD8ED1A662B5800BF195C /* Debug */,
				31CBD8EE1A662B5800BF195C /* Release */,
			);
			defaultConfigurationIsVisible = 0;
			defaultConfigurationName = Release;
		};
/* End XCConfigurationList section */

/* Begin XCVersionGroup section */
		31CBD8CE1A662B5800BF195C /* MapPlant.xcdatamodeld */ = {
			isa = XCVersionGroup;
			children = (
				31CBD8CF1A662B5800BF195C /* MapPlant.xcdatamodel */,
			);
			currentVersion = 31CBD8CF1A662B5800BF195C /* MapPlant.xcdatamodel */;
			path = MapPlant.xcdatamodeld;
			sourceTree = "<group>";
			versionGroupType = wrapper.xcdatamodel;
		};
/* End XCVersionGroup section */
	};
	rootObject = 31CBD8BF1A662B5800BF195C /* Project object */;
}
